
Microsoft Visual Studio Solution File, Format Version 12.00
# Visual Studio Version 16
VisualStudioVersion = 16.0.29418.71
MinimumVisualStudioVersion = 10.0.40219.1
Project("{9A19103F-16F7-4668-BE54-9A1E7A4F7556}") = "SampleApi", "SampleApi.csproj", "{7E2C6B93-5336-4DEB-8694-84C0E5B24BBC}"
EndProject
Project("{9A19103F-16F7-4668-BE54-9A1E7A4F7556}") = "Sample", "..\SampleDB\Sample.csproj", "{1EB59BD4-7259-4F5F-8DAF-E469B3758BBA}"
EndProject
Project("{9A19103F-16F7-4668-BE54-9A1E7A4F7556}") = "Threenine.Data", "..\..\src\Threenine.Data.csproj", "{C46332BC-8B69-4CD6-AA49-0B9A09F18B40}"
EndProject
Global
	GlobalSection(SolutionConfigurationPlatforms) = preSolution
		Debug|Any CPU = Debug|Any CPU
		Release|Any CPU = Release|Any CPU
	EndGlobalSection
	GlobalSection(ProjectConfigurationPlatforms) = postSolution
		{7E2C6B93-5336-4DEB-8694-84C0E5B24BBC}.Debug|Any CPU.ActiveCfg = Debug|Any CPU
		{7E2C6B93-5336-4DEB-8694-84C0E5B24BBC}.Debug|Any CPU.Build.0 = Debug|Any CPU
		{7E2C6B93-5336-4DEB-8694-84C0E5B24BBC}.Release|Any CPU.ActiveCfg = Release|Any CPU
		{7E2C6B93-5336-4DEB-8694-84C0E5B24BBC}.Release|Any CPU.Build.0 = Release|Any CPU
		{1EB59BD4-7259-4F5F-8DAF-E469B3758BBA}.Debug|Any CPU.ActiveCfg = Debug|Any CPU
		{1EB59BD4-7259-4F5F-8DAF-E469B3758BBA}.Debug|Any CPU.Build.0 = Debug|Any CPU
		{1EB59BD4-7259-4F5F-8DAF-E469B3758BBA}.Release|Any CPU.ActiveCfg = Release|Any CPU
		{1EB59BD4-7259-4F5F-8DAF-E469B3758BBA}.Release|Any CPU.Build.0 = Release|Any CPU
		{C46332BC-8B69-4CD6-AA49-0B9A09F18B40}.Debug|Any CPU.ActiveCfg = Debug|Any CPU
		{C46332BC-8B69-4CD6-AA49-0B9A09F18B40}.Debug|Any CPU.Build.0 = Debug|Any CPU
		{C46332BC-8B69-4CD6-AA49-0B9A09F18B40}.Release|Any CPU.ActiveCfg = Release|Any CPU
		{C46332BC-8B69-4CD6-AA49-0B9A09F18B40}.Release|Any CPU.Build.0 = Release|Any CPU
	EndGlobalSection
	GlobalSection(SolutionProperties) = preSolution
		HideSolutionNode = FALSE
	EndGlobalSection
	GlobalSection(ExtensibilityGlobals) = postSolution
		SolutionGuid = {D46C1AEC-3A67-4CBA-A151-689440C67792}
	EndGlobalSection
EndGlobal
